
Microsoft Visual Studio Solution File, Format Version 12.00
# Visual Studio Version 16
VisualStudioVersion = 16.0.32106.194
MinimumVisualStudioVersion = 10.0.40219.1
Project("{FAE04EC0-301F-11D3-BF4B-00C04F79EFBC}") = "assignment2practice", "assignment2practice.csproj", "{286594D0-FAC0-4446-9230-D423A00F8F4E}"
EndProject
Global
	GlobalSection(SolutionConfigurationPlatforms) = preSolution
		Debug|Any CPU = Debug|Any CPU
		Release|Any CPU = Release|Any CPU
	EndGlobalSection
	GlobalSection(ProjectConfigurationPlatforms) = postSolution
		{286594D0-FAC0-4446-9230-D423A00F8F4E}.Debug|Any CPU.ActiveCfg = Debug|Any CPU
		{286594D0-FAC0-4446-9230-D423A00F8F4E}.Debug|Any CPU.Build.0 = Debug|Any CPU
		{286594D0-FAC0-4446-9230-D423A00F8F4E}.Release|Any CPU.ActiveCfg = Release|Any CPU
		{286594D0-FAC0-4446-9230-D423A00F8F4E}.Release|Any CPU.Build.0 = Release|Any CPU
	EndGlobalSection
	GlobalSection(SolutionProperties) = preSolution
		HideSolutionNode = FALSE
	EndGlobalSection
	GlobalSection(ExtensibilityGlobals) = postSolution
		SolutionGuid = {15492070-ED94-43B2-8C8A-D4090115AC0C}
	EndGlobalSection
EndGlobal
